github.com/mandykoh/go-parallel v0.1.0 h1:7vJMNMC4dsbgZdkAb2A8tV5ENY1v7VxIO1wzQWZoT8k=
github.com/mandykoh/go-parallel v0.1.0/go.mod h1:lkYHqG1JNTaSS6lG+PgFCnyMd2VDy8pH9jN9pY899ig=
github.com/mandykoh/prism v0.33.0 h1:xkz2KADIlE6T+e1+pOpsT7dIuWxwcSFdyVoieKUyRCc=
github.com/mandykoh/prism v0.33.0/go.mod h1:mqzyMed6kgs8cImi+RoXBi5YtuzmSWShTakMRMD94VE=
golang.org/x/image v0.0.0-20200801110659-972c09e46d76/go.mod h1:FeLwcggjj3mMvU+oOTbSwawSJRM1uh48EjtB4UJZlP0=
golang.org/x/image v0.0.0-20210504121937-7319ad40d33e h1:PzJMNfFQx+QO9hrC1GwZ4BoPGeNGhfeQEgcQFArEjPk=
golang.org/x/image v0.0.0-20210504121937-7319ad40d33e/go.mod h1:FeLwcggjj3mMvU+oOTbSwawSJRM1uh48EjtB4UJZlP0=
golang.org/x/text v0.3.0 h1:g61tztE5qeGQ89tm6NTjjM9VPIm088od1l6aSorWRWg=
golang.org/x/text v0.3.0/go.mod h1:NqM8EUOU14njkJ3fqMW+pc6Ldnwhi/IjpwHt7yyuwOQ=
